
Microsoft Visual Studio Solution File, Format Version 12.00
# Visual Studio 15
VisualStudioVersion = 15.0.28307.1738
MinimumVisualStudioVersion = 10.0.40219.1
Project("{FAE04EC0-301F-11D3-BF4B-00C04F79EFBC}") = "UnitTestProject1", "UnitTestProject1\UnitTestProject1.csproj", "{C9C7D045-A5D9-44BA-A51A-1E3766B693E0}"
EndProject
Global
	GlobalSection(SolutionConfigurationPlatforms) = preSolution
		Debug|Any CPU = Debug|Any CPU
		Release|Any CPU = Release|Any CPU
	EndGlobalSection
	GlobalSection(ProjectConfigurationPlatforms) = postSolution
		{C9C7D045-A5D9-44BA-A51A-1E3766B693E0}.Debug|Any CPU.ActiveCfg = Debug|Any CPU
		{C9C7D045-A5D9-44BA-A51A-1E3766B693E0}.Debug|Any CPU.Build.0 = Debug|Any CPU
		{C9C7D045-A5D9-44BA-A51A-1E3766B693E0}.Release|Any CPU.ActiveCfg = Release|Any CPU
		{C9C7D045-A5D9-44BA-A51A-1E3766B693E0}.Release|Any CPU.Build.0 = Release|Any CPU
	EndGlobalSection
	GlobalSection(SolutionProperties) = preSolution
		HideSolutionNode = FALSE
	EndGlobalSection
	GlobalSection(ExtensibilityGlobals) = postSolution
		SolutionGuid = {416341A8-8AD8-4DC8-84F7-AD4FF88B5BB6}
	EndGlobalSection
EndGlobal
